
Microsoft Visual Studio Solution File, Format Version 12.00
# Visual Studio 15
VisualStudioVersion = 15.0.28307.421
MinimumVisualStudioVersion = 10.0.40219.1
Project("{9A19103F-16F7-4668-BE54-9A1E7A4F7556}") = "WebApp", "WebApp\WebApp.csproj", "{7E361617-A1CE-4F2E-AA54-7C2B7663B337}"
EndProject
Project("{9A19103F-16F7-4668-BE54-9A1E7A4F7556}") = "Domain", "Domain\Domain.csproj", "{89B7D32A-5684-493F-8510-112E24D06AAA}"
EndProject
Project("{2150E333-8FDC-42A3-9474-1A3956D46DE8}") = "Solution Items", "Solution Items", "{C6B2FA67-0AB5-4326-A6D4-9AB55A80470E}"
EndProject
Project("{9A19103F-16F7-4668-BE54-9A1E7A4F7556}") = "Contracts.DAL.Base", "Contracts.DAL.Base\Contracts.DAL.Base.csproj", "{01C8A670-245D-49A4-8EDD-92C0440C4F05}"
EndProject
Project("{9A19103F-16F7-4668-BE54-9A1E7A4F7556}") = "Contracts.DAL.App", "Contracts.DAL.App\Contracts.DAL.App.csproj", "{45C4D924-A9F6-48E1-AB06-F357A8DD740C}"
EndProject
Project("{9A19103F-16F7-4668-BE54-9A1E7A4F7556}") = "DAL.App.EF", "DAL.App.EF\DAL.App.EF.csproj", "{88E2932B-4025-4976-8D0D-3D8D6113C0DD}"
EndProject
Project("{9A19103F-16F7-4668-BE54-9A1E7A4F7556}") = "DAL.Base.EF", "DAL.Base.EF\DAL.Base.EF.csproj", "{9C818C50-95DA-4BB2-BC84-E029EE957CDF}"
EndProject
Project("{FAE04EC0-301F-11D3-BF4B-00C04F79EFBC}") = "BLL.App", "BLL.App\BLL.App.csproj", "{F5626C55-C170-4305-A6C9-C816F71F4276}"
EndProject
Project("{FAE04EC0-301F-11D3-BF4B-00C04F79EFBC}") = "BLL.Base", "BLL.Base\BLL.Base.csproj", "{29BD4EC7-E912-4F4F-A713-75601E450BEB}"
EndProject
Project("{FAE04EC0-301F-11D3-BF4B-00C04F79EFBC}") = "Contracts.BLL.App", "Contracts.BLL.App\Contracts.BLL.App.csproj", "{7C84B1EC-27FF-46D5-9666-34ADFAF8F558}"
EndProject
Project("{FAE04EC0-301F-11D3-BF4B-00C04F79EFBC}") = "Contracts.BLL.Base", "Contracts.BLL.Base\Contracts.BLL.Base.csproj", "{084468CB-1E00-4504-9F72-DB3EE2FA52D8}"
EndProject
Project("{FAE04EC0-301F-11D3-BF4B-00C04F79EFBC}") = "Resources", "Resources\Resources.csproj", "{E713DF9C-B2B6-4D78-B12A-AC43CAB1D127}"
EndProject
Global
	GlobalSection(SolutionConfigurationPlatforms) = preSolution
		Debug|Any CPU = Debug|Any CPU
		Release|Any CPU = Release|Any CPU
	EndGlobalSection
	GlobalSection(ProjectConfigurationPlatforms) = postSolution
		{7E361617-A1CE-4F2E-AA54-7C2B7663B337}.Debug|Any CPU.ActiveCfg = Debug|Any CPU
		{7E361617-A1CE-4F2E-AA54-7C2B7663B337}.Debug|Any CPU.Build.0 = Debug|Any CPU
		{7E361617-A1CE-4F2E-AA54-7C2B7663B337}.Release|Any CPU.ActiveCfg = Release|Any CPU
		{7E361617-A1CE-4F2E-AA54-7C2B7663B337}.Release|Any CPU.Build.0 = Release|Any CPU
		{89B7D32A-5684-493F-8510-112E24D06AAA}.Debug|Any CPU.ActiveCfg = Debug|Any CPU
		{89B7D32A-5684-493F-8510-112E24D06AAA}.Debug|Any CPU.Build.0 = Debug|Any CPU
		{89B7D32A-5684-493F-8510-112E24D06AAA}.Release|Any CPU.ActiveCfg = Release|Any CPU
		{89B7D32A-5684-493F-8510-112E24D06AAA}.Release|Any CPU.Build.0 = Release|Any CPU
		{01C8A670-245D-49A4-8EDD-92C0440C4F05}.Debug|Any CPU.ActiveCfg = Debug|Any CPU
		{01C8A670-245D-49A4-8EDD-92C0440C4F05}.Debug|Any CPU.Build.0 = Debug|Any CPU
		{01C8A670-245D-49A4-8EDD-92C0440C4F05}.Release|Any CPU.ActiveCfg = Release|Any CPU
		{01C8A670-245D-49A4-8EDD-92C0440C4F05}.Release|Any CPU.Build.0 = Release|Any CPU
		{45C4D924-A9F6-48E1-AB06-F357A8DD740C}.Debug|Any CPU.ActiveCfg = Debug|Any CPU
		{45C4D924-A9F6-48E1-AB06-F357A8DD740C}.Debug|Any CPU.Build.0 = Debug|Any CPU
		{45C4D924-A9F6-48E1-AB06-F357A8DD740C}.Release|Any CPU.ActiveCfg = Release|Any CPU
		{45C4D924-A9F6-48E1-AB06-F357A8DD740C}.Release|Any CPU.Build.0 = Release|Any CPU
		{88E2932B-4025-4976-8D0D-3D8D6113C0DD}.Debug|Any CPU.ActiveCfg = Debug|Any CPU
		{88E2932B-4025-4976-8D0D-3D8D6113C0DD}.Debug|Any CPU.Build.0 = Debug|Any CPU
		{88E2932B-4025-4976-8D0D-3D8D6113C0DD}.Release|Any CPU.ActiveCfg = Release|Any CPU
		{88E2932B-4025-4976-8D0D-3D8D6113C0DD}.Release|Any CPU.Build.0 = Release|Any CPU
		{9C818C50-95DA-4BB2-BC84-E029EE957CDF}.Debug|Any CPU.ActiveCfg = Debug|Any CPU
		{9C818C50-95DA-4BB2-BC84-E029EE957CDF}.Debug|Any CPU.Build.0 = Debug|Any CPU
		{9C818C50-95DA-4BB2-BC84-E029EE957CDF}.Release|Any CPU.ActiveCfg = Release|Any CPU
		{9C818C50-95DA-4BB2-BC84-E029EE957CDF}.Release|Any CPU.Build.0 = Release|Any CPU
		{F5626C55-C170-4305-A6C9-C816F71F4276}.Debug|Any CPU.ActiveCfg = Debug|Any CPU
		{F5626C55-C170-4305-A6C9-C816F71F4276}.Debug|Any CPU.Build.0 = Debug|Any CPU
		{F5626C55-C170-4305-A6C9-C816F71F4276}.Release|Any CPU.ActiveCfg = Release|Any CPU
		{F5626C55-C170-4305-A6C9-C816F71F4276}.Release|Any CPU.Build.0 = Release|Any CPU
		{29BD4EC7-E912-4F4F-A713-75601E450BEB}.Debug|Any CPU.ActiveCfg = Debug|Any CPU
		{29BD4EC7-E912-4F4F-A713-75601E450BEB}.Debug|Any CPU.Build.0 = Debug|Any CPU
		{29BD4EC7-E912-4F4F-A713-75601E450BEB}.Release|Any CPU.ActiveCfg = Release|Any CPU
		{29BD4EC7-E912-4F4F-A713-75601E450BEB}.Release|Any CPU.Build.0 = Release|Any CPU
		{7C84B1EC-27FF-46D5-9666-34ADFAF8F558}.Debug|Any CPU.ActiveCfg = Debug|Any CPU
		{7C84B1EC-27FF-46D5-9666-34ADFAF8F558}.Debug|Any CPU.Build.0 = Debug|Any CPU
		{7C84B1EC-27FF-46D5-9666-34ADFAF8F558}.Release|Any CPU.ActiveCfg = Release|Any CPU
		{7C84B1EC-27FF-46D5-9666-34ADFAF8F558}.Release|Any CPU.Build.0 = Release|Any CPU
		{084468CB-1E00-4504-9F72-DB3EE2FA52D8}.Debug|Any CPU.ActiveCfg = Debug|Any CPU
		{084468CB-1E00-4504-9F72-DB3EE2FA52D8}.Debug|Any CPU.Build.0 = Debug|Any CPU
		{084468CB-1E00-4504-9F72-DB3EE2FA52D8}.Release|Any CPU.ActiveCfg = Release|Any CPU
		{084468CB-1E00-4504-9F72-DB3EE2FA52D8}.Release|Any CPU.Build.0 = Release|Any CPU
		{E713DF9C-B2B6-4D78-B12A-AC43CAB1D127}.Debug|Any CPU.ActiveCfg = Debug|Any CPU
		{E713DF9C-B2B6-4D78-B12A-AC43CAB1D127}.Debug|Any CPU.Build.0 = Debug|Any CPU
		{E713DF9C-B2B6-4D78-B12A-AC43CAB1D127}.Release|Any CPU.ActiveCfg = Release|Any CPU
		{E713DF9C-B2B6-4D78-B12A-AC43CAB1D127}.Release|Any CPU.Build.0 = Release|Any CPU
	EndGlobalSection
	GlobalSection(SolutionProperties) = preSolution
		HideSolutionNode = FALSE
	EndGlobalSection
	GlobalSection(ExtensibilityGlobals) = postSolution
		SolutionGuid = {00B73FF6-99D0-483D-A254-1A88E1FD673D}
	EndGlobalSection
EndGlobal
